{
  "lockfile-version": 1,
  "manifest": {
    "schema-version": "1.15.0",
    "install": {
      "gh": {
        "pkg-path": "gh"
      },
      "jq": {
        "pkg-path": "jq"
      },
      "nodejs": {
        "pkg-path": "nodejs"
      }
    },
    "hook": {},
    "profile": {},
    "options": {}
  },
  "packages": [
    {
      "attr_path": "gh",
      "broken": false,
      "derivation": "/nix/store/4ky5594inz2vy44q5xgs6ac8m0gjivmb-gh-2.98.0.drv",
      "description": "GitHub CLI tool",
      "install_id": "gh",
      "license": "MIT",
      "locked_url": "https://github.com/flox/nixpkgs?rev=34ab99075ac4f7e40cf037eef32cb1c360bb85e9",
      "name": "gh-2.98.0",
      "pname": "gh",
      "rev": "34ab99075ac4f7e40cf037eef32cb1c360bb85e9",
      "rev_count": 1064949,
      "rev_date": "2026-08-31T12:23:27Z",
      "scrape_date": "2026-09-01T04:57:41.146021Z",
      "stabilities": [
        "unstable"
      ],
      "unfree": false,
      "version": "2.98.0",
      "outputs_to_install": [
        "out"
      ],
      "outputs": {
        "out": "/nix/store/y81ibbw74n6mskwsh54hnvwblkw33yzb-gh-2.98.0"
      },
      "system": "aarch64-darwin",
      "group": "toplevel",
      "priority": 5
    },
    {
      "attr_path": "gh",
      "broken": false,
      "derivation": "/nix/store/sgf4x6vxiyl9n3jrdn1isd1mbi2216pm-gh-2.98.0.drv",
      "description": "GitHub CLI tool",
      "install_id": "gh",
      "license": "MIT",
      "locked_url": "https://github.com/flox/nixpkgs?rev=34ab99075ac4f7e40cf037eef32cb1c360bb85e9",
      "name": "gh-2.98.0",
      "pname": "gh",
      "rev": "34ab99075ac4f7e40cf037eef32cb1c360bb85e9",
      "rev_count": 1064949,
      "rev_date": "2026-08-31T12:23:27Z",
      "scrape_date": "2026-09-01T05:29:16.980531Z",
      "stabilities": [
        "unstable"
      ],
      "unfree": false,
      "version": "2.98.0",
      "outputs_to_install": [
        "out"
      ],
      "outputs": {
        "out": "/nix/store/j5mb4f9a0vbi5r89i00f548z0y5j1kp7-gh-2.98.0"
      },
      "system": "aarch64-linux",
      "group": "toplevel",
      "priority": 5
    },
    {
      "attr_path": "gh",
      "broken": false,
      "derivation": "/nix/store/pcqcgjmr4105h6d0xh9b9i31cc1rfqnx-gh-2.98.0.drv",
      "description": "GitHub CLI tool",
      "install_id": "gh",
      "license": "MIT",
      "locked_url": "https://github.com/flox/nixpkgs?rev=34ab99075ac4f7e40cf037eef32cb1c360bb85e9",
      "name": "gh-2.98.0",
      "pname": "gh",
      "rev": "34ab99075ac4f7e40cf037eef32cb1c360bb85e9",
      "rev_count": 1064949,
      "rev_date": "2026-08-31T12:23:27Z",
      "scrape_date": "2026-09-01T06:06:03.047197Z",
      "stabilities": [
        "unstable"
      ],
      "unfree": false,
      "version": "2.98.0",
      "outputs_to_install": [
        "out"
      ],
      "outputs": {
        "out": "/nix/store/dpiajg8vgzpaq74jc79j01fd5bja3cik-gh-2.98.0"
      },
      "system": "x86_64-linux",
      "group": "toplevel",
      "priority": 5
    },
    {
      "attr_path": "jq",
      "broken": false,
      "derivation": "/nix/store/9dvdpr6yfny92m7jn37q0xxa2lf1ih9q-jq-1.8.2.drv",
      "description": "Lightweight and flexible command-line JSON processor",
      "install_id": "jq",
      "license": "MIT",
      "locked_url": "https://github.com/flox/nixpkgs?rev=34ab99075ac4f7e40cf037eef32cb1c360bb85e9",
      "name": "jq-1.8.2",
      "pname": "jq",
      "rev": "34ab99075ac4f7e40cf037eef32cb1c360bb85e9",
      "rev_count": 1064949,
      "rev_date": "2026-08-31T12:23:27Z",
      "scrape_date": "2026-09-01T04:57:56.785121Z",
      "stabilities": [
        "unstable"
      ],
      "unfree": false,
      "version": "1.8.2",
      "outputs_to_install": [
        "bin",
        "man"
      ],
      "outputs": {
        "bin": "/nix/store/d01nk4ck93bwlzwbnnb1qf1kv4d94a09-jq-1.8.2-bin",
        "dev": "/nix/store/mf170p9ynrn0g7s5i8kw655i1q4dxl6y-jq-1.8.2-dev",
        "doc": "/nix/store/bhalwqvdympjhs6gj584d29bga0l8q3s-jq-1.8.2-doc",
        "man": "/nix/store/s1d0597z830wrhza2g5b6i9a4a0jis8a-jq-1.8.2-man",
        "out": "/nix/store/bpfcs06n720irpzril2mh6z59ddafhzx-jq-1.8.2"
      },
      "system": "aarch64-darwin",
      "group": "toplevel",
      "priority": 5
    },
    {
      "attr_path": "jq",
      "broken": false,
      "derivation": "/nix/store/g7b72c72b82ix80bi8a4la49q181azzp-jq-1.8.2.drv",
      "description": "Lightweight and flexible command-line JSON processor",
      "install_id": "jq",
      "license": "MIT",
      "locked_url": "https://github.com/flox/nixpkgs?rev=34ab99075ac4f7e40cf037eef32cb1c360bb85e9",
      "name": "jq-1.8.2",
      "pname": "jq",
      "rev": "34ab99075ac4f7e40cf037eef32cb1c360bb85e9",
      "rev_count": 1064949,
      "rev_date": "2026-08-31T12:23:27Z",
      "scrape_date": "2026-09-01T05:29:37.186610Z",
      "stabilities": [
        "unstable"
      ],
      "unfree": false,
      "version": "1.8.2",
      "outputs_to_install": [
        "bin",
        "bin",
        "man"
      ],
      "outputs": {
        "bin": "/nix/store/hrr6n4qkb2j2rqh7a1jda0yc9gpa8h4d-jq-1.8.2-bin",
        "dev": "/nix/store/xi52wx9sndkrrzp5wy2d8nrw1hysm8hc-jq-1.8.2-dev",
        "doc": "/nix/store/frrdd4c55msxdrd3fmyadyry5dwnnysd-jq-1.8.2-doc",
        "man": "/nix/store/y3rq55wvfwpfy45nmz6yc2vxgcr1zns5-jq-1.8.2-man",
        "out": "/nix/store/qjpdggb1lyay7wv5a0p9j9cvj9y3j2a6-jq-1.8.2"
      },
      "system": "aarch64-linux",
      "group": "toplevel",
      "priority": 5
    },
    {
      "attr_path": "jq",
      "broken": false,
      "derivation": "/nix/store/d1h6nfwgqq43drkzzszmryjvcfrs1s5p-jq-1.8.2.drv",
      "description": "Lightweight and flexible command-line JSON processor",
      "install_id": "jq",
      "license": "MIT",
      "locked_url": "https://github.com/flox/nixpkgs?rev=34ab99075ac4f7e40cf037eef32cb1c360bb85e9",
      "name": "jq-1.8.2",
      "pname": "jq",
      "rev": "34ab99075ac4f7e40cf037eef32cb1c360bb85e9",
      "rev_count": 1064949,
      "rev_date": "2026-08-31T12:23:27Z",
      "scrape_date": "2026-09-01T06:06:24.830773Z",
      "stabilities": [
        "unstable"
      ],
      "unfree": false,
      "version": "1.8.2",
      "outputs_to_install": [
        "bin",
        "bin",
        "man"
      ],
      "outputs": {
        "bin": "/nix/store/xvd6920kffyyshg7mbw5wvfk6lg9wfkl-jq-1.8.2-bin",
        "dev": "/nix/store/qavm4f7d2wm4s9v1ck90n200y20x95fm-jq-1.8.2-dev",
        "doc": "/nix/store/2ga5gcahn4vr0b5fmlinxbz1w2m4qm5g-jq-1.8.2-doc",
        "man": "/nix/store/n36fiv9a8p19bcj6cyjfgmb0l9s55qfn-jq-1.8.2-man",
        "out": "/nix/store/d91mwgs15hv4ajza7jn6axyiwa07ga7m-jq-1.8.2"
      },
      "system": "x86_64-linux",
      "group": "toplevel",
      "priority": 5
    },
    {
      "attr_path": "nodejs",
      "broken": false,
      "derivation": "/nix/store/6nas5hpjqib23qbkzmzjbsj1iyc0z750-nodejs-24.19.0.drv",
      "description": "Event-driven I/O framework for the V8 JavaScript engine",
      "install_id": "nodejs",
      "license": "MIT",
      "locked_url": "https://github.com/flox/nixpkgs?rev=34ab99075ac4f7e40cf037eef32cb1c360bb85e9",
      "name": "nodejs-24.19.0",
      "pname": "nodejs",
      "rev": "34ab99075ac4f7e40cf037eef32cb1c360bb85e9",
      "rev_count": 1064949,
      "rev_date": "2026-08-31T12:23:27Z",
      "scrape_date": "2026-09-01T04:58:04.752669Z",
      "stabilities": [
        "unstable"
      ],
      "unfree": false,
      "version": "24.19.0",
      "outputs_to_install": [
        "out"
      ],
      "outputs": {
        "out": "/nix/store/0n6wnabi4grafrkvnla0ip529rqp6yxp-nodejs-24.19.0"
      },
      "system": "aarch64-darwin",
      "group": "toplevel",
      "priority": 5
    },
    {
      "attr_path": "nodejs",
      "broken": false,
      "derivation": "/nix/store/im10wm681x2d2clzpbmw9y52mv928672-nodejs-24.19.0.drv",
      "description": "Event-driven I/O framework for the V8 JavaScript engine",
      "install_id": "nodejs",
      "license": "MIT",
      "locked_url": "https://github.com/flox/nixpkgs?rev=34ab99075ac4f7e40cf037eef32cb1c360bb85e9",
      "name": "nodejs-24.19.0",
      "pname": "nodejs",
      "rev": "34ab99075ac4f7e40cf037eef32cb1c360bb85e9",
      "rev_count": 1064949,
      "rev_date": "2026-08-31T12:23:27Z",
      "scrape_date": "2026-09-01T05:29:53.443650Z",
      "stabilities": [
        "unstable"
      ],
      "unfree": false,
      "version": "24.19.0",
      "outputs_to_install": [
        "out"
      ],
      "outputs": {
        "out": "/nix/store/41xl9pj3ka0wa63fp759wjs9idlksac5-nodejs-24.19.0"
      },
      "system": "aarch64-linux",
      "group": "toplevel",
      "priority": 5
    },
    {
      "attr_path": "nodejs",
      "broken": false,
      "derivation": "/nix/store/azflkcvc103gq1ddlc5if1r8qpd1xk6c-nodejs-24.19.0.drv",
      "description": "Event-driven I/O framework for the V8 JavaScript engine",
      "install_id": "nodejs",
      "license": "MIT",
      "locked_url": "https://github.com/flox/nixpkgs?rev=34ab99075ac4f7e40cf037eef32cb1c360bb85e9",
      "name": "nodejs-24.19.0",
      "pname": "nodejs",
      "rev": "34ab99075ac4f7e40cf037eef32cb1c360bb85e9",
      "rev_count": 1064949,
      "rev_date": "2026-08-31T12:23:27Z",
      "scrape_date": "2026-09-01T06:06:42.772774Z",
      "stabilities": [
        "unstable"
      ],
      "unfree": false,
      "version": "24.19.0",
      "outputs_to_install": [
        "out"
      ],
      "outputs": {
        "out": "/nix/store/lfaydgacdyngci7p60s8wwvgdm74fjkx-nodejs-24.19.0"
      },
      "system": "x86_64-linux",
      "group": "toplevel",
      "priority": 5
    }
  ]
}
